// !$*UTF8*$!
{
	archiveVersion = 1;
	classes = {
	};
	objectVersion = 56;
	objects = {

/* Begin PBXBuildFile section */
		030B26922BCCA9BA00174880 /* GoogleService-Info.plist in Resources */ = {isa = PBXBuildFile; fileRef = 030B26912BCCA9BA00174880 /* GoogleService-Info.plist */; };
		030B26952BCCAA4C00174880 /* FirebaseAuth in Frameworks */ = {isa = PBXBuildFile; productRef = 030B26942BCCAA4C00174880 /* FirebaseAuth */; };
		030B26972BCCAA4C00174880 /* FirebaseFirestore in Frameworks */ = {isa = PBXBuildFile; productRef = 030B26962BCCAA4C00174880 /* FirebaseFirestore */; };
		030B26992BCCAA4C00174880 /* FirebaseFirestoreSwift in Frameworks */ = {isa = PBXBuildFile; productRef = 030B26982BCCAA4C00174880 /* FirebaseFirestoreSwift */; };
		030B269B2BCCAB8E00174880 /* LoginView.swift in Sources */ = {isa = PBXBuildFile; fileRef = 030B269A2BCCAB8E00174880 /* LoginView.swift */; };
		030B269D2BCCAD3500174880 /* AuthManager.swift in Sources */ = {isa = PBXBuildFile; fileRef = 030B269C2BCCAD3500174880 /* AuthManager.swift */; };
		030B269F2BCCB5AF00174880 /* SettingsView.swift in Sources */ = {isa = PBXBuildFile; fileRef = 030B269E2BCCB5AF00174880 /* SettingsView.swift */; };
		15276A2D2BCAFE94008A9BDB /* MealSwapApp.swift in Sources */ = {isa = PBXBuildFile; fileRef = 15276A2C2BCAFE94008A9BDB /* MealSwapApp.swift */; };
		15276A2F2BCAFE94008A9BDB /* ContentView.swift in Sources */ = {isa = PBXBuildFile; fileRef = 15276A2E2BCAFE94008A9BDB /* ContentView.swift */; };
		15276A312BCAFE96008A9BDB /* Assets.xcassets in Resources */ = {isa = PBXBuildFile; fileRef = 15276A302BCAFE96008A9BDB /* Assets.xcassets */; };
		15276A342BCAFE96008A9BDB /* Preview Assets.xcassets in Resources */ = {isa = PBXBuildFile; fileRef = 15276A332BCAFE96008A9BDB /* Preview Assets.xcassets */; };
/* End PBXBuildFile section */

/* Begin PBXFileReference section */
		030B26912BCCA9BA00174880 /* GoogleService-Info.plist */ = {isa = PBXFileReference; fileEncoding = 4; lastKnownFileType = text.plist.xml; path = "GoogleService-Info.plist"; sourceTree = "<group>"; };
		030B269A2BCCAB8E00174880 /* LoginView.swift */ = {isa = PBXFileReference; lastKnownFileType = sourcecode.swift; path = LoginView.swift; sourceTree = "<group>"; };
		030B269C2BCCAD3500174880 /* AuthManager.swift */ = {isa = PBXFileReference; lastKnownFileType = sourcecode.swift; path = AuthManager.swift; sourceTree = "<group>"; };
		030B269E2BCCB5AF00174880 /* SettingsView.swift */ = {isa = PBXFileReference; lastKnownFileType = sourcecode.swift; path = SettingsView.swift; sourceTree = "<group>"; };
		15276A292BCAFE94008A9BDB /* MealSwap.app */ = {isa = PBXFileReference; explicitFileType = wrapper.application; includeInIndex = 0; path = MealSwap.app; sourceTree = BUILT_PRODUCTS_DIR; };
		15276A2C2BCAFE94008A9BDB /* MealSwapApp.swift */ = {isa = PBXFileReference; lastKnownFileType = sourcecode.swift; path = MealSwapApp.swift; sourceTree = "<group>"; };
		15276A2E2BCAFE94008A9BDB /* ContentView.swift */ = {isa = PBXFileReference; lastKnownFileType = sourcecode.swift; path = ContentView.swift; sourceTree = "<group>"; };
		15276A302BCAFE96008A9BDB /* Assets.xcassets */ = {isa = PBXFileReference; lastKnownFileType = folder.assetcatalog; path = Assets.xcassets; sourceTree = "<group>"; };
		15276A332BCAFE96008A9BDB /* Preview Assets.xcassets */ = {isa = PBXFileReference; lastKnownFileType = folder.assetcatalog; path = "Preview Assets.xcassets"; sourceTree = "<group>"; };
/* End PBXFileReference section */

/* Begin PBXFrameworksBuildPhase section */
		15276A262BCAFE94008A9BDB /* Frameworks */ = {
			isa = PBXFrameworksBuildPhase;
			buildActionMask = 2147483647;
			files = (
				030B26952BCCAA4C00174880 /* FirebaseAuth in Frameworks */,
				030B26972BCCAA4C00174880 /* FirebaseFirestore in Frameworks */,
				030B26992BCCAA4C00174880 /* FirebaseFirestoreSwift in Frameworks */,
			);
			runOnlyForDeploymentPostprocessing = 0;
		};
/* End PBXFrameworksBuildPhase section */

/* Begin PBXGroup section */
		15276A202BCAFE94008A9BDB = {
			isa = PBXGroup;
			children = (
				15276A2B2BCAFE94008A9BDB /* MealSwap */,
				15276A2A2BCAFE94008A9BDB /* Products */,
			);
			sourceTree = "<group>";
		};
		15276A2A2BCAFE94008A9BDB /* Products */ = {
			isa = PBXGroup;
			children = (
				15276A292BCAFE94008A9BDB /* MealSwap.app */,
			);
			name = Products;
			sourceTree = "<group>";
		};
		15276A2B2BCAFE94008A9BDB /* MealSwap */ = {
			isa = PBXGroup;
			children = (
				15276A2C2BCAFE94008A9BDB /* MealSwapApp.swift */,
				030B269A2BCCAB8E00174880 /* LoginView.swift */,
				030B269E2BCCB5AF00174880 /* SettingsView.swift */,
				030B269C2BCCAD3500174880 /* AuthManager.swift */,
				15276A2E2BCAFE94008A9BDB /* ContentView.swift */,
				030B26912BCCA9BA00174880 /* GoogleService-Info.plist */,
				15276A302BCAFE96008A9BDB /* Assets.xcassets */,
				15276A322BCAFE96008A9BDB /* Preview Content */,
			);
			path = MealSwap;
			sourceTree = "<group>";
		};
		15276A322BCAFE96008A9BDB /* Preview Content */ = {
			isa = PBXGroup;
			children = (
				15276A332BCAFE96008A9BDB /* Preview Assets.xcassets */,
			);
			path = "Preview Content";
			sourceTree = "<group>";
		};
/* End PBXGroup section */

/* Begin PBXNativeTarget section */
		15276A282BCAFE94008A9BDB /* MealSwap */ = {
			isa = PBXNativeTarget;
			buildConfigurationList = 15276A372BCAFE96008A9BDB /* Build configuration list for PBXNativeTarget "MealSwap" */;
			buildPhases = (
				15276A252BCAFE94008A9BDB /* Sources */,
				15276A262BCAFE94008A9BDB /* Frameworks */,
				15276A272BCAFE94008A9BDB /* Resources */,
			);
			buildRules = (
			);
			dependencies = (
			);
			name = MealSwap;
			packageProductDependencies = (
				030B26942BCCAA4C00174880 /* FirebaseAuth */,
				030B26962BCCAA4C00174880 /* FirebaseFirestore */,
				030B26982BCCAA4C00174880 /* FirebaseFirestoreSwift */,
			);
			productName = MealSwap;
			productReference = 15276A292BCAFE94008A9BDB /* MealSwap.app */;
			productType = "com.apple.product-type.application";
		};
/* End PBXNativeTarget section */

/* Begin PBXProject section */
		15276A212BCAFE94008A9BDB /* Project object */ = {
			isa = PBXProject;
			attributes = {
				BuildIndependentTargetsInParallel = 1;
				LastSwiftUpdateCheck = 1530;
				LastUpgradeCheck = 1530;
				TargetAttributes = {
					15276A282BCAFE94008A9BDB = {
						CreatedOnToolsVersion = 15.3;
					};
				};
			};
			buildConfigurationList = 15276A242BCAFE94008A9BDB /* Build configuration list for PBXProject "MealSwap" */;
			compatibilityVersion = "Xcode 14.0";
			developmentRegion = en;
			hasScannedForEncodings = 0;
			knownRegions = (
				en,
				Base,
			);
			mainGroup = 15276A202BCAFE94008A9BDB;
			packageReferences = (
				030B26932BCCAA4B00174880 /* XCRemoteSwiftPackageReference "firebase-ios-sdk" */,
			);
			productRefGroup = 15276A2A2BCAFE94008A9BDB /* Products */;
			projectDirPath = "";
			projectRoot = "";
			targets = (
				15276A282BCAFE94008A9BDB /* MealSwap */,
			);
		};
/* End PBXProject section */

/* Begin PBXResourcesBuildPhase section */
		15276A272BCAFE94008A9BDB /* Resources */ = {
			isa = PBXResourcesBuildPhase;
			buildActionMask = 2147483647;
			files = (
				15276A342BCAFE96008A9BDB /* Preview Assets.xcassets in Resources */,
				15276A312BCAFE96008A9BDB /* Assets.xcassets in Resources */,
				030B26922BCCA9BA00174880 /* GoogleService-Info.plist in Resources */,
			);
			runOnlyForDeploymentPostprocessing = 0;
		};
/* End PBXResourcesBuildPhase section */

/* Begin PBXSourcesBuildPhase section */
		15276A252BCAFE94008A9BDB /* Sources */ = {
			isa = PBXSourcesBuildPhase;
			buildActionMask = 2147483647;
			files = (
				030B269F2BCCB5AF00174880 /* SettingsView.swift in Sources */,
				030B269B2BCCAB8E00174880 /* LoginView.swift in Sources */,
				030B269D2BCCAD3500174880 /* AuthManager.swift in Sources */,
				15276A2F2BCAFE94008A9BDB /* ContentView.swift in Sources */,
				15276A2D2BCAFE94008A9BDB /* MealSwapApp.swift in Sources */,
			);
			runOnlyForDeploymentPostprocessing = 0;
		};
/* End PBXSourcesBuildPhase section */

/* Begin XCBuildConfiguration section */
		15276A352BCAFE96008A9BDB /* Debug */ = {
			isa = XCBuildConfiguration;
			buildSettings = {
				ALWAYS_SEARCH_USER_PATHS = NO;
				ASSETCATALOG_COMPILER_GENERATE_SWIFT_ASSET_SYMBOL_EXTENSIONS = YES;
				CLANG_ANALYZER_NONNULL = YES;
				CLANG_ANALYZER_NUMBER_OBJECT_CONVERSION = YES_AGGRESSIVE;
				CLANG_CXX_LANGUAGE_STANDARD = "gnu++20";
				CLANG_ENABLE_MODULES = YES;
				CLANG_ENABLE_OBJC_ARC = YES;
				CLANG_ENABLE_OBJC_WEAK = YES;
				CLANG_WARN_BLOCK_CAPTURE_AUTORELEASING = YES;
				CLANG_WARN_BOOL_CONVERSION = YES;
				CLANG_WARN_COMMA = YES;
				CLANG_WARN_CONSTANT_CONVERSION = YES;
				CLANG_WARN_DEPRECATED_OBJC_IMPLEMENTATIONS = YES;
				CLANG_WARN_DIRECT_OBJC_ISA_USAGE = YES_ERROR;
				CLANG_WARN_DOCUMENTATION_COMMENTS = YES;
				CLANG_WARN_EMPTY_BODY = YES;
				CLANG_WARN_ENUM_CONVERSION = YES;
				CLANG_WARN_INFINITE_RECURSION = YES;
				CLANG_WARN_INT_CONVERSION = YES;
				CLANG_WARN_NON_LITERAL_NULL_CONVERSION = YES;
				CLANG_WARN_OBJC_IMPLICIT_RETAIN_SELF = YES;
				CLANG_WARN_OBJC_LITERAL_CONVERSION = YES;
				CLANG_WARN_OBJC_ROOT_CLASS = YES_ERROR;
				CLANG_WARN_QUOTED_INCLUDE_IN_FRAMEWORK_HEADER = YES;
				CLANG_WARN_RANGE_LOOP_ANALYSIS = YES;
				CLANG_WARN_STRICT_PROTOTYPES = YES;
				CLANG_WARN_SUSPICIOUS_MOVE = YES;
				CLANG_WARN_UNGUARDED_AVAILABILITY = YES_AGGRESSIVE;
				CLANG_WARN_UNREACHABLE_CODE = YES;
				CLANG_WARN__DUPLICATE_METHOD_MATCH = YES;
				COPY_PHASE_STRIP = NO;
				DEBUG_INFORMATION_FORMAT = dwarf;
				ENABLE_STRICT_OBJC_MSGSEND = YES;
				ENABLE_TESTABILITY = YES;
				ENABLE_USER_SCRIPT_SANDBOXING = YES;
				GCC_C_LANGUAGE_STANDARD = gnu17;
				GCC_DYNAMIC_NO_PIC = NO;
				GCC_NO_COMMON_BLOCKS = YES;
				GCC_OPTIMIZATION_LEVEL = 0;
				GCC_PREPROCESSOR_DEFINITIONS = (
					"DEBUG=1",
					"$(inherited)",
				);
				GCC_WARN_64_TO_32_BIT_CONVERSION = YES;
				GCC_WARN_ABOUT_RETURN_TYPE = YES_ERROR;
				GCC_WARN_UNDECLARED_SELECTOR = YES;
				GCC_WARN_UNINITIALIZED_AUTOS = YES_AGGRESSIVE;
				GCC_WARN_UNUSED_FUNCTION = YES;
				GCC_WARN_UNUSED_VARIABLE = YES;
				IPHONEOS_DEPLOYMENT_TARGET = 17.4;
				LOCALIZATION_PREFERS_STRING_CATALOGS = YES;
				MTL_ENABLE_DEBUG_INFO = INCLUDE_SOURCE;
				MTL_FAST_MATH = YES;
				ONLY_ACTIVE_ARCH = YES;
				SDKROOT = iphoneos;
				SWIFT_ACTIVE_COMPILATION_CONDITIONS = "DEBUG $(inherited)";
				SWIFT_OPTIMIZATION_LEVEL = "-Onone";
			};
			name = Debug;
		};
		15276A362BCAFE96008A9BDB /* Release */ = {
			isa = XCBuildConfiguration;
			buildSettings = {
				ALWAYS_SEARCH_USER_PATHS = NO;
				ASSETCATALOG_COMPILER_GENERATE_SWIFT_ASSET_SYMBOL_EXTENSIONS = YES;
				CLANG_ANALYZER_NONNULL = YES;
				CLANG_ANALYZER_NUMBER_OBJECT_CONVERSION = YES_AGGRESSIVE;
				CLANG_CXX_LANGUAGE_STANDARD = "gnu++20";
				CLANG_ENABLE_MODULES = YES;
				CLANG_ENABLE_OBJC_ARC = YES;
				CLANG_ENABLE_OBJC_WEAK = YES;
				CLANG_WARN_BLOCK_CAPTURE_AUTORELEASING = YES;
				CLANG_WARN_BOOL_CONVERSION = YES;
				CLANG_WARN_COMMA = YES;
				CLANG_WARN_CONSTANT_CONVERSION = YES;
				CLANG_WARN_DEPRECATED_OBJC_IMPLEMENTATIONS = YES;
				CLANG_WARN_DIRECT_OBJC_ISA_USAGE = YES_ERROR;
				CLANG_WARN_DOCUMENTATION_COMMENTS = YES;
				CLANG_WARN_EMPTY_BODY = YES;
				CLANG_WARN_ENUM_CONVERSION = YES;
				CLANG_WARN_INFINITE_RECURSION = YES;
				CLANG_WARN_INT_CONVERSION = YES;
				CLANG_WARN_NON_LITERAL_NULL_CONVERSION = YES;
				CLANG_WARN_OBJC_IMPLICIT_RETAIN_SELF = YES;
				CLANG_WARN_OBJC_LITERAL_CONVERSION = YES;
				CLANG_WARN_OBJC_ROOT_CLASS = YES_ERROR;
				CLANG_WARN_QUOTED_INCLUDE_IN_FRAMEWORK_HEADER = YES;
				CLANG_WARN_RANGE_LOOP_ANALYSIS = YES;
				CLANG_WARN_STRICT_PROTOTYPES = YES;
				CLANG_WARN_SUSPICIOUS_MOVE = YES;
				CLANG_WARN_UNGUARDED_AVAILABILITY = YES_AGGRESSIVE;
				CLANG_WARN_UNREACHABLE_CODE = YES;
				CLANG_WARN__DUPLICATE_METHOD_MATCH = YES;
				COPY_PHASE_STRIP = NO;
				DEBUG_INFORMATION_FORMAT = "dwarf-with-dsym";
				ENABLE_NS_ASSERTIONS = NO;
				ENABLE_STRICT_OBJC_MSGSEND = YES;
				ENABLE_USER_SCRIPT_SANDBOXING = YES;
				GCC_C_LANGUAGE_STANDARD = gnu17;
				GCC_NO_COMMON_BLOCKS = YES;
				GCC_WARN_64_TO_32_BIT_CONVERSION = YES;
				GCC_WARN_ABOUT_RETURN_TYPE = YES_ERROR;
				GCC_WARN_UNDECLARED_SELECTOR = YES;
				GCC_WARN_UNINITIALIZED_AUTOS = YES_AGGRESSIVE;
				GCC_WARN_UNUSED_FUNCTION = YES;
				GCC_WARN_UNUSED_VARIABLE = YES;
				IPHONEOS_DEPLOYMENT_TARGET = 17.4;
				LOCALIZATION_PREFERS_STRING_CATALOGS = YES;
				MTL_ENABLE_DEBUG_INFO = NO;
				MTL_FAST_MATH = YES;
				SDKROOT = iphoneos;
				SWIFT_COMPILATION_MODE = wholemodule;
				VALIDATE_PRODUCT = YES;
			};
			name = Release;
		};
		15276A382BCAFE96008A9BDB /* Debug */ = {
			isa = XCBuildConfiguration;
			buildSettings = {
				ASSETCATALOG_COMPILER_APPICON_NAME = AppIcon;
				ASSETCATALOG_COMPILER_GLOBAL_ACCENT_COLOR_NAME = AccentColor;
				CODE_SIGN_STYLE = Automatic;
				CURRENT_PROJECT_VERSION = 1;
				DEVELOPMENT_ASSET_PATHS = "\"MealSwap/Preview Content\"";
				DEVELOPMENT_TEAM = A4J2ZGNF23;
				ENABLE_PREVIEWS = YES;
				GENERATE_INFOPLIST_FILE = YES;
				INFOPLIST_KEY_UIApplicationSceneManifest_Generation = YES;
				INFOPLIST_KEY_UIApplicationSupportsIndirectInputEvents = YES;
				INFOPLIST_KEY_UILaunchScreen_Generation = YES;
				INFOPLIST_KEY_UISupportedInterfaceOrientations_iPad = "UIInterfaceOrientationPortrait UIInterfaceOrientationPortraitUpsideDown UIInterfaceOrientationLandscapeLeft UIInterfaceOrientationLandscapeRight";
				INFOPLIST_KEY_UISupportedInterfaceOrientations_iPhone = "UIInterfaceOrientationPortrait UIInterfaceOrientationLandscapeLeft UIInterfaceOrientationLandscapeRight";
				LD_RUNPATH_SEARCH_PATHS = (
					"$(inherited)",
					"@executable_path/Frameworks",
				);
				MARKETING_VERSION = 1.0;
				PRODUCT_BUNDLE_IDENTIFIER = com.jontoussaint.MealSwap;
				PRODUCT_NAME = "$(TARGET_NAME)";
				SWIFT_EMIT_LOC_STRINGS = YES;
				SWIFT_VERSION = 5.0;
				TARGETED_DEVICE_FAMILY = "1,2";
			};
			name = Debug;
		};
		15276A392BCAFE96008A9BDB /* Release */ = {
			isa = XCBuildConfiguration;
			buildSettings = {
				ASSETCATALOG_COMPILER_APPICON_NAME = AppIcon;
				ASSETCATALOG_COMPILER_GLOBAL_ACCENT_COLOR_NAME = AccentColor;
				CODE_SIGN_STYLE = Automatic;
				CURRENT_PROJECT_VERSION = 1;
				DEVELOPMENT_ASSET_PATHS = "\"MealSwap/Preview Content\"";
				DEVELOPMENT_TEAM = A4J2ZGNF23;
				ENABLE_PREVIEWS = YES;
				GENERATE_INFOPLIST_FILE = YES;
				INFOPLIST_KEY_UIApplicationSceneManifest_Generation = YES;
				INFOPLIST_KEY_UIApplicationSupportsIndirectInputEvents = YES;
				INFOPLIST_KEY_UILaunchScreen_Generation = YES;
				INFOPLIST_KEY_UISupportedInterfaceOrientations_iPad = "UIInterfaceOrientationPortrait UIInterfaceOrientationPortraitUpsideDown UIInterfaceOrientationLandscapeLeft UIInterfaceOrientationLandscapeRight";
				INFOPLIST_KEY_UISupportedInterfaceOrientations_iPhone = "UIInterfaceOrientationPortrait UIInterfaceOrientationLandscapeLeft UIInterfaceOrientationLandscapeRight";
				LD_RUNPATH_SEARCH_PATHS = (
					"$(inherited)",
					"@executable_path/Frameworks",
				);
				MARKETING_VERSION = 1.0;
				PRODUCT_BUNDLE_IDENTIFIER = com.jontoussaint.MealSwap;
				PRODUCT_NAME = "$(TARGET_NAME)";
				SWIFT_EMIT_LOC_STRINGS = YES;
				SWIFT_VERSION = 5.0;
				TARGETED_DEVICE_FAMILY = "1,2";
			};
			name = Release;
		};
/* End XCBuildConfiguration section */

/* Begin XCConfigurationList section */
		15276A242BCAFE94008A9BDB /* Build configuration list for PBXProject "MealSwap" */ = {
			isa = XCConfigurationList;
			buildConfigurations = (
				15276A352BCAFE96008A9BDB /* Debug */,
				15276A362BCAFE96008A9BDB /* Release */,
			);
			defaultConfigurationIsVisible = 0;
			defaultConfigurationName = Release;
		};
		15276A372BCAFE96008A9BDB /* Build configuration list for PBXNativeTarget "MealSwap" */ = {
			isa = XCConfigurationList;
			buildConfigurations = (
				15276A382BCAFE96008A9BDB /* Debug */,
				15276A392BCAFE96008A9BDB /* Release */,
			);
			defaultConfigurationIsVisible = 0;
			defaultConfigurationName = Release;
		};
/* End XCConfigurationList section */

/* Begin XCRemoteSwiftPackageReference section */
		030B26932BCCAA4B00174880 /* XCRemoteSwiftPackageReference "firebase-ios-sdk" */ = {
			isa = XCRemoteSwiftPackageReference;
			repositoryURL = "https://github.com/firebase/firebase-ios-sdk";
			requirement = {
				kind = upToNextMajorVersion;
				minimumVersion = 10.24.0;
			};
		};
/* End XCRemoteSwiftPackageReference section */

/* Begin XCSwiftPackageProductDependency section */
		030B26942BCCAA4C00174880 /* FirebaseAuth */ = {
			isa = XCSwiftPackageProductDependency;
			package = 030B26932BCCAA4B00174880 /* XCRemoteSwiftPackageReference "firebase-ios-sdk" */;
			productName = FirebaseAuth;
		};
		030B26962BCCAA4C00174880 /* FirebaseFirestore */ = {
			isa = XCSwiftPackageProductDependency;
			package = 030B26932BCCAA4B00174880 /* XCRemoteSwiftPackageReference "firebase-ios-sdk" */;
			productName = FirebaseFirestore;
		};
		030B26982BCCAA4C00174880 /* FirebaseFirestoreSwift */ = {
			isa = XCSwiftPackageProductDependency;
			package = 030B26932BCCAA4B00174880 /* XCRemoteSwiftPackageReference "firebase-ios-sdk" */;
			productName = FirebaseFirestoreSwift;
		};
/* End XCSwiftPackageProductDependency section */
	};
	rootObject = 15276A212BCAFE94008A9BDB /* Project object */;
}
